// !$*UTF8*$!
{
	archiveVersion = 1;
	classes = {
	};
	objectVersion = 56;
	objects = {

/* Begin PBXBuildFile section */
		72EE2AE22C5A1B34006B39A4 /* AppDelegate.swift in Sources */ = {isa = PBXBuildFile; fileRef = 72EE2AE12C5A1B34006B39A4 /* AppDelegate.swift */; };
		72EE2AE42C5A1B34006B39A4 /* SceneDelegate.swift in Sources */ = {isa = PBXBuildFile; fileRef = 72EE2AE32C5A1B34006B39A4 /* SceneDelegate.swift */; };
		72EE2AE62C5A1B34006B39A4 /* ViewController.swift in Sources */ = {isa = PBXBuildFile; fileRef = 72EE2AE52C5A1B34006B39A4 /* ViewController.swift */; };
		72EE2AE92C5A1B34006B39A4 /* Base in Resources */ = {isa = PBXBuildFile; fileRef = 72EE2AE82C5A1B34006B39A4 /* Base */; };
		72EE2AEC2C5A1B34006B39A4 /* ArtBookProje.xcdatamodeld in Sources */ = {isa = PBXBuildFile; fileRef = 72EE2AEA2C5A1B34006B39A4 /* ArtBookProje.xcdatamodeld */; };
		72EE2AEE2C5A1B35006B39A4 /* Assets.xcassets in Resources */ = {isa = PBXBuildFile; fileRef = 72EE2AED2C5A1B35006B39A4 /* Assets.xcassets */; };
		72EE2AF12C5A1B35006B39A4 /* Base in Resources */ = {isa = PBXBuildFile; fileRef = 72EE2AF02C5A1B35006B39A4 /* Base */; };
		72EE2AF92C5A1C10006B39A4 /* DetailsVC.swift in Sources */ = {isa = PBXBuildFile; fileRef = 72EE2AF82C5A1C10006B39A4 /* DetailsVC.swift */; };
		72EE2AFB2C5A1D28006B39A4 /* select.png in Resources */ = {isa = PBXBuildFile; fileRef = 72EE2AFA2C5A1D28006B39A4 /* select.png */; };
/* End PBXBuildFile section */

/* Begin PBXFileReference section */
		72EE2ADE2C5A1B34006B39A4 /* ArtBookProje.app */ = {isa = PBXFileReference; explicitFileType = wrapper.application; includeInIndex = 0; path = ArtBookProje.app; sourceTree = BUILT_PRODUCTS_DIR; };
		72EE2AE12C5A1B34006B39A4 /* AppDelegate.swift */ = {isa = PBXFileReference; lastKnownFileType = sourcecode.swift; path = AppDelegate.swift; sourceTree = "<group>"; };
		72EE2AE32C5A1B34006B39A4 /* SceneDelegate.swift */ = {isa = PBXFileReference; lastKnownFileType = sourcecode.swift; path = SceneDelegate.swift; sourceTree = "<group>"; };
		72EE2AE52C5A1B34006B39A4 /* ViewController.swift */ = {isa = PBXFileReference; lastKnownFileType = sourcecode.swift; path = ViewController.swift; sourceTree = "<group>"; };
		72EE2AE82C5A1B34006B39A4 /* Base */ = {isa = PBXFileReference; lastKnownFileType = file.storyboard; name = Base; path = Base.lproj/Main.storyboard; sourceTree = "<group>"; };
		72EE2AEB2C5A1B34006B39A4 /* ArtBookProje.xcdatamodel */ = {isa = PBXFileReference; lastKnownFileType = wrapper.xcdatamodel; path = ArtBookProje.xcdatamodel; sourceTree = "<group>"; };
		72EE2AED2C5A1B35006B39A4 /* Assets.xcassets */ = {isa = PBXFileReference; lastKnownFileType = folder.assetcatalog; path = Assets.xcassets; sourceTree = "<group>"; };
		72EE2AF02C5A1B35006B39A4 /* Base */ = {isa = PBXFileReference; lastKnownFileType = file.storyboard; name = Base; path = Base.lproj/LaunchScreen.storyboard; sourceTree = "<group>"; };
		72EE2AF22C5A1B35006B39A4 /* Info.plist */ = {isa = PBXFileReference; lastKnownFileType = text.plist.xml; path = Info.plist; sourceTree = "<group>"; };
		72EE2AF82C5A1C10006B39A4 /* DetailsVC.swift */ = {isa = PBXFileReference; lastKnownFileType = sourcecode.swift; path = DetailsVC.swift; sourceTree = "<group>"; };
		72EE2AFA2C5A1D28006B39A4 /* select.png */ = {isa = PBXFileReference; lastKnownFileType = image.png; path = select.png; sourceTree = "<group>"; };
/* End PBXFileReference section */

/* Begin PBXFrameworksBuildPhase section */
		72EE2ADB2C5A1B34006B39A4 /* Frameworks */ = {
			isa = PBXFrameworksBuildPhase;
			buildActionMask = 2147483647;
			files = (
			);
			runOnlyForDeploymentPostprocessing = 0;
		};
/* End PBXFrameworksBuildPhase section */

/* Begin PBXGroup section */
		72EE2AD52C5A1B34006B39A4 = {
			isa = PBXGroup;
			children = (
				72EE2AE02C5A1B34006B39A4 /* ArtBookProje */,
				72EE2ADF2C5A1B34006B39A4 /* Products */,
			);
			sourceTree = "<group>";
		};
		72EE2ADF2C5A1B34006B39A4 /* Products */ = {
			isa = PBXGroup;
			children = (
				72EE2ADE2C5A1B34006B39A4 /* ArtBookProje.app */,
			);
			name = Products;
			sourceTree = "<group>";
		};
		72EE2AE02C5A1B34006B39A4 /* ArtBookProje */ = {
			isa = PBXGroup;
			children = (
				72EE2AFA2C5A1D28006B39A4 /* select.png */,
				72EE2AE12C5A1B34006B39A4 /* AppDelegate.swift */,
				72EE2AE32C5A1B34006B39A4 /* SceneDelegate.swift */,
				72EE2AE52C5A1B34006B39A4 /* ViewController.swift */,
				72EE2AF82C5A1C10006B39A4 /* DetailsVC.swift */,
				72EE2AE72C5A1B34006B39A4 /* Main.storyboard */,
				72EE2AED2C5A1B35006B39A4 /* Assets.xcassets */,
				72EE2AEF2C5A1B35006B39A4 /* LaunchScreen.storyboard */,
				72EE2AF22C5A1B35006B39A4 /* Info.plist */,
				72EE2AEA2C5A1B34006B39A4 /* ArtBookProje.xcdatamodeld */,
			);
			path = ArtBookProje;
			sourceTree = "<group>";
		};
/* End PBXGroup section */

/* Begin PBXNativeTarget section */
		72EE2ADD2C5A1B34006B39A4 /* ArtBookProje */ = {
			isa = PBXNativeTarget;
			buildConfigurationList = 72EE2AF52C5A1B35006B39A4 /* Build configuration list for PBXNativeTarget "ArtBookProje" */;
			buildPhases = (
				72EE2ADA2C5A1B34006B39A4 /* Sources */,
				72EE2ADB2C5A1B34006B39A4 /* Frameworks */,
				72EE2ADC2C5A1B34006B39A4 /* Resources */,
			);
			buildRules = (
			);
			dependencies = (
			);
			name = ArtBookProje;
			productName = ArtBookProje;
			productReference = 72EE2ADE2C5A1B34006B39A4 /* ArtBookProje.app */;
			productType = "com.apple.product-type.application";
		};
/* End PBXNativeTarget section */

/* Begin PBXProject section */
		72EE2AD62C5A1B34006B39A4 /* Project object */ = {
			isa = PBXProject;
			attributes = {
				BuildIndependentTargetsInParallel = 1;
				LastSwiftUpdateCheck = 1530;
				LastUpgradeCheck = 1530;
				TargetAttributes = {
					72EE2ADD2C5A1B34006B39A4 = {
						CreatedOnToolsVersion = 15.3;
					};
				};
			};
			buildConfigurationList = 72EE2AD92C5A1B34006B39A4 /* Build configuration list for PBXProject "ArtBookProje" */;
			compatibilityVersion = "Xcode 14.0";
			developmentRegion = en;
			hasScannedForEncodings = 0;
			knownRegions = (
				en,
				Base,
			);
			mainGroup = 72EE2AD52C5A1B34006B39A4;
			productRefGroup = 72EE2ADF2C5A1B34006B39A4 /* Products */;
			projectDirPath = "";
			projectRoot = "";
			targets = (
				72EE2ADD2C5A1B34006B39A4 /* ArtBookProje */,
			);
		};
/* End PBXProject section */

/* Begin PBXResourcesBuildPhase section */
		72EE2ADC2C5A1B34006B39A4 /* Resources */ = {
			isa = PBXResourcesBuildPhase;
			buildActionMask = 2147483647;
			files = (
				72EE2AEE2C5A1B35006B39A4 /* Assets.xcassets in Resources */,
				72EE2AFB2C5A1D28006B39A4 /* select.png in Resources */,
				72EE2AF12C5A1B35006B39A4 /* Base in Resources */,
				72EE2AE92C5A1B34006B39A4 /* Base in Resources */,
			);
			runOnlyForDeploymentPostprocessing = 0;
		};
/* End PBXResourcesBuildPhase section */

/* Begin PBXSourcesBuildPhase section */
		72EE2ADA2C5A1B34006B39A4 /* Sources */ = {
			isa = PBXSourcesBuildPhase;
			buildActionMask = 2147483647;
			files = (
				72EE2AE62C5A1B34006B39A4 /* ViewController.swift in Sources */,
				72EE2AE22C5A1B34006B39A4 /* AppDelegate.swift in Sources */,
				72EE2AE42C5A1B34006B39A4 /* SceneDelegate.swift in Sources */,
				72EE2AEC2C5A1B34006B39A4 /* ArtBookProje.xcdatamodeld in Sources */,
				72EE2AF92C5A1C10006B39A4 /* DetailsVC.swift in Sources */,
			);
			runOnlyForDeploymentPostprocessing = 0;
		};
/* End PBXSourcesBuildPhase section */

/* Begin PBXVariantGroup section */
		72EE2AE72C5A1B34006B39A4 /* Main.storyboard */ = {
			isa = PBXVariantGroup;
			children = (
				72EE2AE82C5A1B34006B39A4 /* Base */,
			);
			name = Main.storyboard;
			sourceTree = "<group>";
		};
		72EE2AEF2C5A1B35006B39A4 /* LaunchScreen.storyboard */ = {
			isa = PBXVariantGroup;
			children = (
				72EE2AF02C5A1B35006B39A4 /* Base */,
			);
			name = LaunchScreen.storyboard;
			sourceTree = "<group>";
		};
/* End PBXVariantGroup section */

/* Begin XCBuildConfiguration section */
		72EE2AF32C5A1B35006B39A4 /* Debug */ = {
			isa = XCBuildConfiguration;
			buildSettings = {
				ALWAYS_SEARCH_USER_PATHS = NO;
				ASSETCATALOG_COMPILER_GENERATE_SWIFT_ASSET_SYMBOL_EXTENSIONS = YES;
				CLANG_ANALYZER_NONNULL = YES;
				CLANG_ANALYZER_NUMBER_OBJECT_CONVERSION = YES_AGGRESSIVE;
				CLANG_CXX_LANGUAGE_STANDARD = "gnu++20";
				CLANG_ENABLE_MODULES = YES;
				CLANG_ENABLE_OBJC_ARC = YES;
				CLANG_ENABLE_OBJC_WEAK = YES;
				CLANG_WARN_BLOCK_CAPTURE_AUTORELEASING = YES;
				CLANG_WARN_BOOL_CONVERSION = YES;
				CLANG_WARN_COMMA = YES;
				CLANG_WARN_CONSTANT_CONVERSION = YES;
				CLANG_WARN_DEPRECATED_OBJC_IMPLEMENTATIONS = YES;
				CLANG_WARN_DIRECT_OBJC_ISA_USAGE = YES_ERROR;
				CLANG_WARN_DOCUMENTATION_COMMENTS = YES;
				CLANG_WARN_EMPTY_BODY = YES;
				CLANG_WARN_ENUM_CONVERSION = YES;
				CLANG_WARN_INFINITE_RECURSION = YES;
				CLANG_WARN_INT_CONVERSION = YES;
				CLANG_WARN_NON_LITERAL_NULL_CONVERSION = YES;
				CLANG_WARN_OBJC_IMPLICIT_RETAIN_SELF = YES;
				CLANG_WARN_OBJC_LITERAL_CONVERSION = YES;
				CLANG_WARN_OBJC_ROOT_CLASS = YES_ERROR;
				CLANG_WARN_QUOTED_INCLUDE_IN_FRAMEWORK_HEADER = YES;
				CLANG_WARN_RANGE_LOOP_ANALYSIS = YES;
				CLANG_WARN_STRICT_PROTOTYPES = YES;
				CLANG_WARN_SUSPICIOUS_MOVE = YES;
				CLANG_WARN_UNGUARDED_AVAILABILITY = YES_AGGRESSIVE;
				CLANG_WARN_UNREACHABLE_CODE = YES;
				CLANG_WARN__DUPLICATE_METHOD_MATCH = YES;
				COPY_PHASE_STRIP = NO;
				DEBUG_INFORMATION_FORMAT = dwarf;
				ENABLE_STRICT_OBJC_MSGSEND = YES;
				ENABLE_TESTABILITY = YES;
				ENABLE_USER_SCRIPT_SANDBOXING = YES;
				GCC_C_LANGUAGE_STANDARD = gnu17;
				GCC_DYNAMIC_NO_PIC = NO;
				GCC_NO_COMMON_BLOCKS = YES;
				GCC_OPTIMIZATION_LEVEL = 0;
				GCC_PREPROCESSOR_DEFINITIONS = (
					"DEBUG=1",
					"$(inherited)",
				);
				GCC_WARN_64_TO_32_BIT_CONVERSION = YES;
				GCC_WARN_ABOUT_RETURN_TYPE = YES_ERROR;
				GCC_WARN_UNDECLARED_SELECTOR = YES;
				GCC_WARN_UNINITIALIZED_AUTOS = YES_AGGRESSIVE;
				GCC_WARN_UNUSED_FUNCTION = YES;
				GCC_WARN_UNUSED_VARIABLE = YES;
				IPHONEOS_DEPLOYMENT_TARGET = 17.4;
				LOCALIZATION_PREFERS_STRING_CATALOGS = YES;
				MTL_ENABLE_DEBUG_INFO = INCLUDE_SOURCE;
				MTL_FAST_MATH = YES;
				ONLY_ACTIVE_ARCH = YES;
				SDKROOT = iphoneos;
				SWIFT_ACTIVE_COMPILATION_CONDITIONS = "DEBUG $(inherited)";
				SWIFT_OPTIMIZATION_LEVEL = "-Onone";
			};
			name = Debug;
		};
		72EE2AF42C5A1B35006B39A4 /* Release */ = {
			isa = XCBuildConfiguration;
			buildSettings = {
				ALWAYS_SEARCH_USER_PATHS = NO;
				ASSETCATALOG_COMPILER_GENERATE_SWIFT_ASSET_SYMBOL_EXTENSIONS = YES;
				CLANG_ANALYZER_NONNULL = YES;
				CLANG_ANALYZER_NUMBER_OBJECT_CONVERSION = YES_AGGRESSIVE;
				CLANG_CXX_LANGUAGE_STANDARD = "gnu++20";
				CLANG_ENABLE_MODULES = YES;
				CLANG_ENABLE_OBJC_ARC = YES;
				CLANG_ENABLE_OBJC_WEAK = YES;
				CLANG_WARN_BLOCK_CAPTURE_AUTORELEASING = YES;
				CLANG_WARN_BOOL_CONVERSION = YES;
				CLANG_WARN_COMMA = YES;
				CLANG_WARN_CONSTANT_CONVERSION = YES;
				CLANG_WARN_DEPRECATED_OBJC_IMPLEMENTATIONS = YES;
				CLANG_WARN_DIRECT_OBJC_ISA_USAGE = YES_ERROR;
				CLANG_WARN_DOCUMENTATION_COMMENTS = YES;
				CLANG_WARN_EMPTY_BODY = YES;
				CLANG_WARN_ENUM_CONVERSION = YES;
				CLANG_WARN_INFINITE_RECURSION = YES;
				CLANG_WARN_INT_CONVERSION = YES;
				CLANG_WARN_NON_LITERAL_NULL_CONVERSION = YES;
				CLANG_WARN_OBJC_IMPLICIT_RETAIN_SELF = YES;
				CLANG_WARN_OBJC_LITERAL_CONVERSION = YES;
				CLANG_WARN_OBJC_ROOT_CLASS = YES_ERROR;
				CLANG_WARN_QUOTED_INCLUDE_IN_FRAMEWORK_HEADER = YES;
				CLANG_WARN_RANGE_LOOP_ANALYSIS = YES;
				CLANG_WARN_STRICT_PROTOTYPES = YES;
				CLANG_WARN_SUSPICIOUS_MOVE = YES;
				CLANG_WARN_UNGUARDED_AVAILABILITY = YES_AGGRESSIVE;
				CLANG_WARN_UNREACHABLE_CODE = YES;
				CLANG_WARN__DUPLICATE_METHOD_MATCH = YES;
				COPY_PHASE_STRIP = NO;
				DEBUG_INFORMATION_FORMAT = "dwarf-with-dsym";
				ENABLE_NS_ASSERTIONS = NO;
				ENABLE_STRICT_OBJC_MSGSEND = YES;
				ENABLE_USER_SCRIPT_SANDBOXING = YES;
				GCC_C_LANGUAGE_STANDARD = gnu17;
				GCC_NO_COMMON_BLOCKS = YES;
				GCC_WARN_64_TO_32_BIT_CONVERSION = YES;
				GCC_WARN_ABOUT_RETURN_TYPE = YES_ERROR;
				GCC_WARN_UNDECLARED_SELECTOR = YES;
				GCC_WARN_UNINITIALIZED_AUTOS = YES_AGGRESSIVE;
				GCC_WARN_UNUSED_FUNCTION = YES;
				GCC_WARN_UNUSED_VARIABLE = YES;
				IPHONEOS_DEPLOYMENT_TARGET = 17.4;
				LOCALIZATION_PREFERS_STRING_CATALOGS = YES;
				MTL_ENABLE_DEBUG_INFO = NO;
				MTL_FAST_MATH = YES;
				SDKROOT = iphoneos;
				SWIFT_COMPILATION_MODE = wholemodule;
				VALIDATE_PRODUCT = YES;
			};
			name = Release;
		};
		72EE2AF62C5A1B35006B39A4 /* Debug */ = {
			isa = XCBuildConfiguration;
			buildSettings = {
				ASSETCATALOG_COMPILER_APPICON_NAME = AppIcon;
				ASSETCATALOG_COMPILER_GLOBAL_ACCENT_COLOR_NAME = AccentColor;
				CODE_SIGN_STYLE = Automatic;
				CURRENT_PROJECT_VERSION = 1;
				GENERATE_INFOPLIST_FILE = YES;
				INFOPLIST_FILE = ArtBookProje/Info.plist;
				INFOPLIST_KEY_UIApplicationSupportsIndirectInputEvents = YES;
				INFOPLIST_KEY_UILaunchStoryboardName = LaunchScreen;
				INFOPLIST_KEY_UIMainStoryboardFile = Main;
				INFOPLIST_KEY_UISupportedInterfaceOrientations_iPad = "UIInterfaceOrientationPortrait UIInterfaceOrientationPortraitUpsideDown UIInterfaceOrientationLandscapeLeft UIInterfaceOrientationLandscapeRight";
				INFOPLIST_KEY_UISupportedInterfaceOrientations_iPhone = "UIInterfaceOrientationPortrait UIInterfaceOrientationLandscapeLeft UIInterfaceOrientationLandscapeRight";
				LD_RUNPATH_SEARCH_PATHS = (
					"$(inherited)",
					"@executable_path/Frameworks",
				);
				MARKETING_VERSION = 1.0;
				PRODUCT_BUNDLE_IDENTIFIER = com.ebrukose.ArtBookProje;
				PRODUCT_NAME = "$(TARGET_NAME)";
				SWIFT_EMIT_LOC_STRINGS = YES;
				SWIFT_VERSION = 5.0;
				TARGETED_DEVICE_FAMILY = "1,2";
			};
			name = Debug;
		};
		72EE2AF72C5A1B35006B39A4 /* Release */ = {
			isa = XCBuildConfiguration;
			buildSettings = {
				ASSETCATALOG_COMPILER_APPICON_NAME = AppIcon;
				ASSETCATALOG_COMPILER_GLOBAL_ACCENT_COLOR_NAME = AccentColor;
				CODE_SIGN_STYLE = Automatic;
				CURRENT_PROJECT_VERSION = 1;
				GENERATE_INFOPLIST_FILE = YES;
				INFOPLIST_FILE = ArtBookProje/Info.plist;
				INFOPLIST_KEY_UIApplicationSupportsIndirectInputEvents = YES;
				INFOPLIST_KEY_UILaunchStoryboardName = LaunchScreen;
				INFOPLIST_KEY_UIMainStoryboardFile = Main;
				INFOPLIST_KEY_UISupportedInterfaceOrientations_iPad = "UIInterfaceOrientationPortrait UIInterfaceOrientationPortraitUpsideDown UIInterfaceOrientationLandscapeLeft UIInterfaceOrientationLandscapeRight";
				INFOPLIST_KEY_UISupportedInterfaceOrientations_iPhone = "UIInterfaceOrientationPortrait UIInterfaceOrientationLandscapeLeft UIInterfaceOrientationLandscapeRight";
				LD_RUNPATH_SEARCH_PATHS = (
					"$(inherited)",
					"@executable_path/Frameworks",
				);
				MARKETING_VERSION = 1.0;
				PRODUCT_BUNDLE_IDENTIFIER = com.ebrukose.ArtBookProje;
				PRODUCT_NAME = "$(TARGET_NAME)";
				SWIFT_EMIT_LOC_STRINGS = YES;
				SWIFT_VERSION = 5.0;
				TARGETED_DEVICE_FAMILY = "1,2";
			};
			name = Release;
		};
/* End XCBuildConfiguration section */

/* Begin XCConfigurationList section */
		72EE2AD92C5A1B34006B39A4 /* Build configuration list for PBXProject "ArtBookProje" */ = {
			isa = XCConfigurationList;
			buildConfigurations = (
				72EE2AF32C5A1B35006B39A4 /* Debug */,
				72EE2AF42C5A1B35006B39A4 /* Release */,
			);
			defaultConfigurationIsVisible = 0;
			defaultConfigurationName = Release;
		};
		72EE2AF52C5A1B35006B39A4 /* Build configuration list for PBXNativeTarget "ArtBookProje" */ = {
			isa = XCConfigurationList;
			buildConfigurations = (
				72EE2AF62C5A1B35006B39A4 /* Debug */,
				72EE2AF72C5A1B35006B39A4 /* Release */,
			);
			defaultConfigurationIsVisible = 0;
			defaultConfigurationName = Release;
		};
/* End XCConfigurationList section */

/* Begin XCVersionGroup section */
		72EE2AEA2C5A1B34006B39A4 /* ArtBookProje.xcdatamodeld */ = {
			isa = XCVersionGroup;
			children = (
				72EE2AEB2C5A1B34006B39A4 /* ArtBookProje.xcdatamodel */,
			);
			currentVersion = 72EE2AEB2C5A1B34006B39A4 /* ArtBookProje.xcdatamodel */;
			path = ArtBookProje.xcdatamodeld;
			sourceTree = "<group>";
			versionGroupType = wrapper.xcdatamodel;
		};
/* End XCVersionGroup section */
	};
	rootObject = 72EE2AD62C5A1B34006B39A4 /* Project object */;
}
